{
    "_meta": {
        "hash": {
            "sha256": "f68794ebb7a822b34997215deb994de6812ac6987f91dc4cce89b4b96bde4b40"
        },
        "pipfile-spec": 6,
        "requires": {
            "python_version": "3.13"
        },
        "sources": [
            {
                "name": "pypi",
                "url": "https://pypi.org/simple",
                "verify_ssl": true
            }
        ]
    },
    "default": {
        "anyio": {
            "hashes": [
                "sha256:673c0c244e15788651a4ff38710fea9675823028a6f08a5eda409e0c9840a028",
                "sha256:9f76d541cad6e36af7beb62e978876f3b41e3e04f2c1fbf0884604c0a9c4d93c"
            ],
            "markers": "python_version >= '3.9'",
            "version": "==4.9.0"
        },
        "certifi": {
            "hashes": [
                "sha256:0a816057ea3cdefcef70270d2c515e4506bbc954f417fa5ade2021213bb8f0c6",
                "sha256:30350364dfe371162649852c63336a15c70c6510c2ad5015b21c2345311805f3"
            ],
            "markers": "python_version >= '3.6'",
            "version": "==2025.4.26"
        },
        "h11": {
            "hashes": [
                "sha256:4e35b956cf45792e4caa5885e69fba00bdbc6ffafbfa020300e549b208ee5ff1",
                "sha256:63cf8bbe7522de3bf65932fda1d9c2772064ffb3dae62d55932da54b31cb6c86"
            ],
            "markers": "python_version >= '3.8'",
            "version": "==0.16.0"
        },
        "httpcore": {
            "hashes": [
                "sha256:2d400746a40668fc9dec9810239072b40b4484b640a8c38fd654a024c7a1bf55",
                "sha256:6e34463af53fd2ab5d807f399a9b45ea31c3dfa2276f15a2c3f00afff6e176e8"
            ],
            "markers": "python_version >= '3.8'",
            "version": "==1.0.9"
        },
        "httpx": {
            "hashes": [
                "sha256:75e98c5f16b0f35b567856f597f06ff2270a374470a5c2392242528e3e3e42fc",
                "sha256:d909fcccc110f8c7faf814ca82a9a4d816bc5a6dbfea25d6591d6985b8ba59ad"
            ],
            "markers": "python_version >= '3.8'",
            "version": "==0.28.1"
        },
        "idna": {
            "hashes": [
                "sha256:12f65c9b470abda6dc35cf8e63cc574b1c52b11df2c86030af0ac09b01b13ea9",
                "sha256:946d195a0d259cbba61165e88e65941f16e9b36ea6ddb97f00452bae8b1287d3"
            ],
            "markers": "python_version >= '3.6'",
            "version": "==3.10"
        },
        "python-telegram-bot": {
            "hashes": [
                "sha256:23237f778655e634f08cfebbada96ed3692c2bdd3c20c122e90a6d606d6a4516",
                "sha256:acf86f28d86d81cab736177d2988e5bcb27f2248137efd62e02c46e9ba1fe44c"
            ],
            "index": "pypi",
            "markers": "python_version >= '3.9'",
            "version": "==22.0"
        },
        "sniffio": {
            "hashes": [
                "sha256:2f6da418d1f1e0fddd844478f41680e794e6051915791a034ff65e5f100525a2",
                "sha256:f4324edc670a0f49750a81b895f35c3adb843cca46f0530f79fc1babb23789dc"
            ],
            "markers": "python_version >= '3.7'",
            "version": "==1.3.1"
        }
    },
    "develop": {}
}
